// !$*UTF8*$!
{
	archiveVersion = 1;
	classes = {
	};
	objectVersion = 56;
	objects = {

/* Begin PBXBuildFile section */
		010000000000000000000001 /* BadmintonResearchApp.swift in Sources */ = {isa = PBXBuildFile; fileRef = 020000000000000000000001 /* BadmintonResearchApp.swift */; };
		010000000000000000000002 /* PhoneResearchHomeView.swift in Sources */ = {isa = PBXBuildFile; fileRef = 020000000000000000000002 /* PhoneResearchHomeView.swift */; };
		010000000000000000000003 /* BadmintonCore in Frameworks */ = {isa = PBXBuildFile; productRef = 0F0000000000000000000002 /* BadmintonCore */; };
		010000000000000000000004 /* BadmintonResearchWatchApp.swift in Sources */ = {isa = PBXBuildFile; fileRef = 020000000000000000000003 /* BadmintonResearchWatchApp.swift */; };
		010000000000000000000005 /* WatchResearchHomeView.swift in Sources */ = {isa = PBXBuildFile; fileRef = 020000000000000000000004 /* WatchResearchHomeView.swift */; };
		010000000000000000000006 /* BadmintonCore in Frameworks */ = {isa = PBXBuildFile; productRef = 0F0000000000000000000003 /* BadmintonCore */; };
		010000000000000000000007 /* PhoneResearchViewModel.swift in Sources */ = {isa = PBXBuildFile; fileRef = 02000000000000000000000D /* PhoneResearchViewModel.swift */; };
		010000000000000000000008 /* ResearchCaptureListView.swift in Sources */ = {isa = PBXBuildFile; fileRef = 02000000000000000000000E /* ResearchCaptureListView.swift */; };
		010000000000000000000009 /* ResearchParticipantViews.swift in Sources */ = {isa = PBXBuildFile; fileRef = 02000000000000000000000F /* ResearchParticipantViews.swift */; };
		01000000000000000000000A /* SimulatorResearchMotionSource.swift in Sources */ = {isa = PBXBuildFile; fileRef = 020000000000000000000010 /* SimulatorResearchMotionSource.swift */; };
		01000000000000000000000B /* WatchCaptureViewModel.swift in Sources */ = {isa = PBXBuildFile; fileRef = 020000000000000000000011 /* WatchCaptureViewModel.swift */; };
		01000000000000000000000C /* ResearchCaptureViews.swift in Sources */ = {isa = PBXBuildFile; fileRef = 020000000000000000000012 /* ResearchCaptureViews.swift */; };
		01000000000000000000000D /* CoreMotionResearchMotionSource.swift in Sources */ = {isa = PBXBuildFile; fileRef = 020000000000000000000013 /* CoreMotionResearchMotionSource.swift */; };
		01000000000000000000000E /* ResearchCaptureChartsView.swift in Sources */ = {isa = PBXBuildFile; fileRef = 020000000000000000000014 /* ResearchCaptureChartsView.swift */; };
		01000000000000000000000F /* PhoneResearchConnectivityController.swift in Sources */ = {isa = PBXBuildFile; fileRef = 020000000000000000000015 /* PhoneResearchConnectivityController.swift */; };
		010000000000000000000010 /* WatchResearchConnectivityController.swift in Sources */ = {isa = PBXBuildFile; fileRef = 020000000000000000000016 /* WatchResearchConnectivityController.swift */; };
		010000000000000000000011 /* ResearchCaptureMetadataEditor.swift in Sources */ = {isa = PBXBuildFile; fileRef = 020000000000000000000017 /* ResearchCaptureMetadataEditor.swift */; };
		010000000000000000000012 /* ResearchBatchExportView.swift in Sources */ = {isa = PBXBuildFile; fileRef = 020000000000000000000018 /* ResearchBatchExportView.swift */; };
		010000000000000000000013 /* BadmintonProductApp.swift in Sources */ = {isa = PBXBuildFile; fileRef = 020000000000000000000019 /* BadmintonProductApp.swift */; };
		010000000000000000000014 /* ProductPhoneHomeView.swift in Sources */ = {isa = PBXBuildFile; fileRef = 02000000000000000000001A /* ProductPhoneHomeView.swift */; };
		010000000000000000000015 /* BadmintonCore in Frameworks */ = {isa = PBXBuildFile; productRef = 0F0000000000000000000004 /* BadmintonCore */; };
		010000000000000000000016 /* BadmintonProductWatchApp.swift in Sources */ = {isa = PBXBuildFile; fileRef = 02000000000000000000001B /* BadmintonProductWatchApp.swift */; };
		010000000000000000000017 /* ProductWatchRootView.swift in Sources */ = {isa = PBXBuildFile; fileRef = 02000000000000000000001C /* ProductWatchRootView.swift */; };
		010000000000000000000018 /* ProductWorkoutViewModel.swift in Sources */ = {isa = PBXBuildFile; fileRef = 02000000000000000000001D /* ProductWorkoutViewModel.swift */; };
		010000000000000000000019 /* SimulatorWorkoutPlatformSession.swift in Sources */ = {isa = PBXBuildFile; fileRef = 02000000000000000000001E /* SimulatorWorkoutPlatformSession.swift */; };
		01000000000000000000001A /* HealthKitWorkoutPlatformSession.swift in Sources */ = {isa = PBXBuildFile; fileRef = 02000000000000000000001F /* HealthKitWorkoutPlatformSession.swift */; };
		01000000000000000000001B /* BadmintonCore in Frameworks */ = {isa = PBXBuildFile; productRef = 0F0000000000000000000005 /* BadmintonCore */; };
		01000000000000000000001C /* ProductWorkoutRuntime.swift in Sources */ = {isa = PBXBuildFile; fileRef = 020000000000000000000026 /* ProductWorkoutRuntime.swift */; };
		01000000000000000000001D /* ProductWatchApplicationDelegate.swift in Sources */ = {isa = PBXBuildFile; fileRef = 020000000000000000000027 /* ProductWatchApplicationDelegate.swift */; };
/* End PBXBuildFile section */

/* Begin PBXFileReference section */
		020000000000000000000001 /* BadmintonResearchApp.swift */ = {isa = PBXFileReference; lastKnownFileType = sourcecode.swift; path = BadmintonResearchApp.swift; sourceTree = "<group>"; };
		020000000000000000000002 /* PhoneResearchHomeView.swift */ = {isa = PBXFileReference; lastKnownFileType = sourcecode.swift; path = PhoneResearchHomeView.swift; sourceTree = "<group>"; };
		020000000000000000000003 /* BadmintonResearchWatchApp.swift */ = {isa = PBXFileReference; lastKnownFileType = sourcecode.swift; path = BadmintonResearchWatchApp.swift; sourceTree = "<group>"; };
		020000000000000000000004 /* WatchResearchHomeView.swift */ = {isa = PBXFileReference; lastKnownFileType = sourcecode.swift; path = WatchResearchHomeView.swift; sourceTree = "<group>"; };
		020000000000000000000005 /* BadmintonResearch.app */ = {isa = PBXFileReference; explicitFileType = wrapper.application; includeInIndex = 0; path = BadmintonResearch.app; sourceTree = BUILT_PRODUCTS_DIR; };
		020000000000000000000006 /* BadmintonResearchWatch.app */ = {isa = PBXFileReference; explicitFileType = wrapper.application; includeInIndex = 0; path = BadmintonResearchWatch.app; sourceTree = BUILT_PRODUCTS_DIR; };
		020000000000000000000007 /* Base.xcconfig */ = {isa = PBXFileReference; lastKnownFileType = text.xcconfig; path = Base.xcconfig; sourceTree = "<group>"; };
		020000000000000000000008 /* Debug.xcconfig */ = {isa = PBXFileReference; lastKnownFileType = text.xcconfig; path = Debug.xcconfig; sourceTree = "<group>"; };
		020000000000000000000009 /* Release.xcconfig */ = {isa = PBXFileReference; lastKnownFileType = text.xcconfig; path = Release.xcconfig; sourceTree = "<group>"; };
		02000000000000000000000A /* iOS.xcconfig */ = {isa = PBXFileReference; lastKnownFileType = text.xcconfig; path = iOS.xcconfig; sourceTree = "<group>"; };
		02000000000000000000000B /* watchOS.xcconfig */ = {isa = PBXFileReference; lastKnownFileType = text.xcconfig; path = watchOS.xcconfig; sourceTree = "<group>"; };
		02000000000000000000000C /* README.md */ = {isa = PBXFileReference; lastKnownFileType = net.daringfireball.markdown; path = README.md; sourceTree = SOURCE_ROOT; };
		02000000000000000000000D /* PhoneResearchViewModel.swift */ = {isa = PBXFileReference; lastKnownFileType = sourcecode.swift; path = PhoneResearchViewModel.swift; sourceTree = "<group>"; };
		02000000000000000000000E /* ResearchCaptureListView.swift */ = {isa = PBXFileReference; lastKnownFileType = sourcecode.swift; path = ResearchCaptureListView.swift; sourceTree = "<group>"; };
		02000000000000000000000F /* ResearchParticipantViews.swift */ = {isa = PBXFileReference; lastKnownFileType = sourcecode.swift; path = ResearchParticipantViews.swift; sourceTree = "<group>"; };
		020000000000000000000010 /* SimulatorResearchMotionSource.swift */ = {isa = PBXFileReference; lastKnownFileType = sourcecode.swift; path = SimulatorResearchMotionSource.swift; sourceTree = "<group>"; };
		020000000000000000000011 /* WatchCaptureViewModel.swift */ = {isa = PBXFileReference; lastKnownFileType = sourcecode.swift; path = WatchCaptureViewModel.swift; sourceTree = "<group>"; };
		020000000000000000000012 /* ResearchCaptureViews.swift */ = {isa = PBXFileReference; lastKnownFileType = sourcecode.swift; path = ResearchCaptureViews.swift; sourceTree = "<group>"; };
		020000000000000000000013 /* CoreMotionResearchMotionSource.swift */ = {isa = PBXFileReference; lastKnownFileType = sourcecode.swift; path = CoreMotionResearchMotionSource.swift; sourceTree = "<group>"; };
		020000000000000000000014 /* ResearchCaptureChartsView.swift */ = {isa = PBXFileReference; lastKnownFileType = sourcecode.swift; path = ResearchCaptureChartsView.swift; sourceTree = "<group>"; };
		020000000000000000000015 /* PhoneResearchConnectivityController.swift */ = {isa = PBXFileReference; lastKnownFileType = sourcecode.swift; path = PhoneResearchConnectivityController.swift; sourceTree = "<group>"; };
		020000000000000000000016 /* WatchResearchConnectivityController.swift */ = {isa = PBXFileReference; lastKnownFileType = sourcecode.swift; path = WatchResearchConnectivityController.swift; sourceTree = "<group>"; };
		020000000000000000000017 /* ResearchCaptureMetadataEditor.swift */ = {isa = PBXFileReference; lastKnownFileType = sourcecode.swift; path = ResearchCaptureMetadataEditor.swift; sourceTree = "<group>"; };
		020000000000000000000018 /* ResearchBatchExportView.swift */ = {isa = PBXFileReference; lastKnownFileType = sourcecode.swift; path = ResearchBatchExportView.swift; sourceTree = "<group>"; };
		020000000000000000000019 /* BadmintonProductApp.swift */ = {isa = PBXFileReference; lastKnownFileType = sourcecode.swift; path = BadmintonProductApp.swift; sourceTree = "<group>"; };
		02000000000000000000001A /* ProductPhoneHomeView.swift */ = {isa = PBXFileReference; lastKnownFileType = sourcecode.swift; path = ProductPhoneHomeView.swift; sourceTree = "<group>"; };
		02000000000000000000001B /* BadmintonProductWatchApp.swift */ = {isa = PBXFileReference; lastKnownFileType = sourcecode.swift; path = BadmintonProductWatchApp.swift; sourceTree = "<group>"; };
		02000000000000000000001C /* ProductWatchRootView.swift */ = {isa = PBXFileReference; lastKnownFileType = sourcecode.swift; path = ProductWatchRootView.swift; sourceTree = "<group>"; };
		02000000000000000000001D /* ProductWorkoutViewModel.swift */ = {isa = PBXFileReference; lastKnownFileType = sourcecode.swift; path = ProductWorkoutViewModel.swift; sourceTree = "<group>"; };
		02000000000000000000001E /* SimulatorWorkoutPlatformSession.swift */ = {isa = PBXFileReference; lastKnownFileType = sourcecode.swift; path = SimulatorWorkoutPlatformSession.swift; sourceTree = "<group>"; };
		02000000000000000000001F /* HealthKitWorkoutPlatformSession.swift */ = {isa = PBXFileReference; lastKnownFileType = sourcecode.swift; path = HealthKitWorkoutPlatformSession.swift; sourceTree = "<group>"; };
		020000000000000000000020 /* Badminton.app */ = {isa = PBXFileReference; explicitFileType = wrapper.application; includeInIndex = 0; path = Badminton.app; sourceTree = BUILT_PRODUCTS_DIR; };
		020000000000000000000021 /* BadmintonWatch.app */ = {isa = PBXFileReference; explicitFileType = wrapper.application; includeInIndex = 0; path = BadmintonWatch.app; sourceTree = BUILT_PRODUCTS_DIR; };
		020000000000000000000022 /* ProductiOS.xcconfig */ = {isa = PBXFileReference; lastKnownFileType = text.xcconfig; path = ProductiOS.xcconfig; sourceTree = "<group>"; };
		020000000000000000000023 /* ProductwatchOS.xcconfig */ = {isa = PBXFileReference; lastKnownFileType = text.xcconfig; path = ProductwatchOS.xcconfig; sourceTree = "<group>"; };
		020000000000000000000024 /* BadmintonWatch.entitlements */ = {isa = PBXFileReference; lastKnownFileType = text.plist.entitlements; path = BadmintonWatch.entitlements; sourceTree = "<group>"; };
		020000000000000000000025 /* BadmintonWatch-Info.plist */ = {isa = PBXFileReference; lastKnownFileType = text.plist.xml; path = "BadmintonWatch-Info.plist"; sourceTree = "<group>"; };
		020000000000000000000026 /* ProductWorkoutRuntime.swift */ = {isa = PBXFileReference; lastKnownFileType = sourcecode.swift; path = ProductWorkoutRuntime.swift; sourceTree = "<group>"; };
		020000000000000000000027 /* ProductWatchApplicationDelegate.swift */ = {isa = PBXFileReference; lastKnownFileType = sourcecode.swift; path = ProductWatchApplicationDelegate.swift; sourceTree = "<group>"; };
/* End PBXFileReference section */

/* Begin PBXFrameworksBuildPhase section */
		030000000000000000000001 /* Frameworks */ = {
			isa = PBXFrameworksBuildPhase;
			buildActionMask = 2147483647;
			files = (
				010000000000000000000003 /* BadmintonCore in Frameworks */,
			);
			runOnlyForDeploymentPostprocessing = 0;
		};
		030000000000000000000002 /* Frameworks */ = {
			isa = PBXFrameworksBuildPhase;
			buildActionMask = 2147483647;
			files = (
				010000000000000000000006 /* BadmintonCore in Frameworks */,
			);
			runOnlyForDeploymentPostprocessing = 0;
		};
		030000000000000000000003 /* Frameworks */ = {
			isa = PBXFrameworksBuildPhase;
			buildActionMask = 2147483647;
			files = (
				010000000000000000000015 /* BadmintonCore in Frameworks */,
			);
			runOnlyForDeploymentPostprocessing = 0;
		};
		030000000000000000000004 /* Frameworks */ = {
			isa = PBXFrameworksBuildPhase;
			buildActionMask = 2147483647;
			files = (
				01000000000000000000001B /* BadmintonCore in Frameworks */,
			);
			runOnlyForDeploymentPostprocessing = 0;
		};
/* End PBXFrameworksBuildPhase section */

/* Begin PBXGroup section */
		040000000000000000000001 = {
			isa = PBXGroup;
			children = (
				02000000000000000000000C /* README.md */,
				040000000000000000000002 /* Apps */,
				040000000000000000000005 /* Config */,
				040000000000000000000006 /* Products */,
			);
			sourceTree = "<group>";
		};
		040000000000000000000002 /* Apps */ = {
			isa = PBXGroup;
			children = (
				040000000000000000000003 /* iOS */,
				040000000000000000000004 /* watchOS */,
				040000000000000000000007 /* Product */,
			);
			name = Apps;
			sourceTree = "<group>";
		};
		040000000000000000000003 /* iOS */ = {
			isa = PBXGroup;
			children = (
				020000000000000000000001 /* BadmintonResearchApp.swift */,
				020000000000000000000002 /* PhoneResearchHomeView.swift */,
				02000000000000000000000D /* PhoneResearchViewModel.swift */,
				02000000000000000000000E /* ResearchCaptureListView.swift */,
				02000000000000000000000F /* ResearchParticipantViews.swift */,
				020000000000000000000014 /* ResearchCaptureChartsView.swift */,
				020000000000000000000015 /* PhoneResearchConnectivityController.swift */,
				020000000000000000000017 /* ResearchCaptureMetadataEditor.swift */,
				020000000000000000000018 /* ResearchBatchExportView.swift */,
			);
			name = iOS;
			path = Apps/iOS;
			sourceTree = SOURCE_ROOT;
		};
		040000000000000000000004 /* watchOS */ = {
			isa = PBXGroup;
			children = (
				020000000000000000000003 /* BadmintonResearchWatchApp.swift */,
				020000000000000000000004 /* WatchResearchHomeView.swift */,
				020000000000000000000010 /* SimulatorResearchMotionSource.swift */,
				020000000000000000000011 /* WatchCaptureViewModel.swift */,
				020000000000000000000012 /* ResearchCaptureViews.swift */,
				020000000000000000000013 /* CoreMotionResearchMotionSource.swift */,
				020000000000000000000016 /* WatchResearchConnectivityController.swift */,
			);
			name = watchOS;
			path = Apps/watchOS;
			sourceTree = SOURCE_ROOT;
		};
		040000000000000000000005 /* Config */ = {
			isa = PBXGroup;
			children = (
				020000000000000000000007 /* Base.xcconfig */,
				020000000000000000000008 /* Debug.xcconfig */,
				020000000000000000000009 /* Release.xcconfig */,
				02000000000000000000000A /* iOS.xcconfig */,
				02000000000000000000000B /* watchOS.xcconfig */,
				020000000000000000000022 /* ProductiOS.xcconfig */,
				020000000000000000000023 /* ProductwatchOS.xcconfig */,
				020000000000000000000024 /* BadmintonWatch.entitlements */,
				020000000000000000000025 /* BadmintonWatch-Info.plist */,
			);
			path = Config;
			sourceTree = SOURCE_ROOT;
		};
		040000000000000000000006 /* Products */ = {
			isa = PBXGroup;
			children = (
				020000000000000000000005 /* BadmintonResearch.app */,
				020000000000000000000006 /* BadmintonResearchWatch.app */,
				020000000000000000000020 /* Badminton.app */,
				020000000000000000000021 /* BadmintonWatch.app */,
			);
			name = Products;
			sourceTree = "<group>";
		};
		040000000000000000000007 /* Product */ = {
			isa = PBXGroup;
			children = (
				040000000000000000000008 /* iOS */,
				040000000000000000000009 /* watchOS */,
			);
			name = Product;
			path = Apps/Product;
			sourceTree = SOURCE_ROOT;
		};
		040000000000000000000008 /* iOS */ = {
			isa = PBXGroup;
			children = (
				020000000000000000000019 /* BadmintonProductApp.swift */,
				02000000000000000000001A /* ProductPhoneHomeView.swift */,
			);
			path = iOS;
			sourceTree = "<group>";
		};
		040000000000000000000009 /* watchOS */ = {
			isa = PBXGroup;
			children = (
				02000000000000000000001B /* BadmintonProductWatchApp.swift */,
				02000000000000000000001C /* ProductWatchRootView.swift */,
				02000000000000000000001D /* ProductWorkoutViewModel.swift */,
				02000000000000000000001E /* SimulatorWorkoutPlatformSession.swift */,
				02000000000000000000001F /* HealthKitWorkoutPlatformSession.swift */,
				020000000000000000000026 /* ProductWorkoutRuntime.swift */,
				020000000000000000000027 /* ProductWatchApplicationDelegate.swift */,
			);
			path = watchOS;
			sourceTree = "<group>";
		};
/* End PBXGroup section */

/* Begin PBXNativeTarget section */
		050000000000000000000001 /* BadmintonResearchiOS */ = {
			isa = PBXNativeTarget;
			buildConfigurationList = 0B0000000000000000000002 /* Build configuration list for PBXNativeTarget "BadmintonResearchiOS" */;
			buildPhases = (
				070000000000000000000001 /* Sources */,
				030000000000000000000001 /* Frameworks */,
				060000000000000000000001 /* Resources */,
			);
			buildRules = (
			);
			dependencies = (
			);
			name = BadmintonResearchiOS;
			packageProductDependencies = (
				0F0000000000000000000002 /* BadmintonCore */,
			);
			productName = BadmintonResearch;
			productReference = 020000000000000000000005 /* BadmintonResearch.app */;
			productType = "com.apple.product-type.application";
		};
		050000000000000000000002 /* BadmintonResearchWatch */ = {
			isa = PBXNativeTarget;
			buildConfigurationList = 0B0000000000000000000003 /* Build configuration list for PBXNativeTarget "BadmintonResearchWatch" */;
			buildPhases = (
				070000000000000000000002 /* Sources */,
				030000000000000000000002 /* Frameworks */,
				060000000000000000000002 /* Resources */,
			);
			buildRules = (
			);
			dependencies = (
			);
			name = BadmintonResearchWatch;
			packageProductDependencies = (
				0F0000000000000000000003 /* BadmintonCore */,
			);
			productName = BadmintonResearchWatch;
			productReference = 020000000000000000000006 /* BadmintonResearchWatch.app */;
			productType = "com.apple.product-type.application";
		};
		050000000000000000000003 /* BadmintonProductiOS */ = {
			isa = PBXNativeTarget;
			buildConfigurationList = 0B0000000000000000000004 /* Build configuration list for PBXNativeTarget "BadmintonProductiOS" */;
			buildPhases = (
				070000000000000000000003 /* Sources */,
				030000000000000000000003 /* Frameworks */,
				060000000000000000000003 /* Resources */,
			);
			buildRules = (
			);
			dependencies = (
			);
			name = BadmintonProductiOS;
			packageProductDependencies = (
				0F0000000000000000000004 /* BadmintonCore */,
			);
			productName = Badminton;
			productReference = 020000000000000000000020 /* Badminton.app */;
			productType = "com.apple.product-type.application";
		};
		050000000000000000000004 /* BadmintonProductWatch */ = {
			isa = PBXNativeTarget;
			buildConfigurationList = 0B0000000000000000000005 /* Build configuration list for PBXNativeTarget "BadmintonProductWatch" */;
			buildPhases = (
				070000000000000000000004 /* Sources */,
				030000000000000000000004 /* Frameworks */,
				060000000000000000000004 /* Resources */,
			);
			buildRules = (
			);
			dependencies = (
			);
			name = BadmintonProductWatch;
			packageProductDependencies = (
				0F0000000000000000000005 /* BadmintonCore */,
			);
			productName = BadmintonWatch;
			productReference = 020000000000000000000021 /* BadmintonWatch.app */;
			productType = "com.apple.product-type.application";
		};
/* End PBXNativeTarget section */

/* Begin PBXProject section */
		080000000000000000000001 /* Project object */ = {
			isa = PBXProject;
			attributes = {
				BuildIndependentTargetsInParallel = 1;
				LastSwiftUpdateCheck = 2700;
				LastUpgradeCheck = 2700;
				TargetAttributes = {
					050000000000000000000001 = {
						CreatedOnToolsVersion = 27.0;
					};
					050000000000000000000002 = {
						CreatedOnToolsVersion = 27.0;
					};
					050000000000000000000003 = {
						CreatedOnToolsVersion = 27.0;
					};
					050000000000000000000004 = {
						CreatedOnToolsVersion = 27.0;
						SystemCapabilities = {
							com.apple.HealthKit = {
								enabled = 1;
							};
						};
					};
				};
			};
			buildConfigurationList = 0B0000000000000000000001 /* Build configuration list for PBXProject "BadmintonMotion" */;
			compatibilityVersion = "Xcode 14.0";
			developmentRegion = zh-Hans;
			hasScannedForEncodings = 0;
			knownRegions = (
				Base,
				"zh-Hans",
				en,
			);
			mainGroup = 040000000000000000000001;
			packageReferences = (
				0F0000000000000000000001 /* XCLocalSwiftPackageReference "Packages/BadmintonCore" */,
			);
			productRefGroup = 040000000000000000000006 /* Products */;
			projectDirPath = "";
			projectRoot = "";
			targets = (
				050000000000000000000001 /* BadmintonResearchiOS */,
				050000000000000000000002 /* BadmintonResearchWatch */,
				050000000000000000000003 /* BadmintonProductiOS */,
				050000000000000000000004 /* BadmintonProductWatch */,
			);
		};
/* End PBXProject section */

/* Begin PBXResourcesBuildPhase section */
		060000000000000000000001 /* Resources */ = {
			isa = PBXResourcesBuildPhase;
			buildActionMask = 2147483647;
			files = (
			);
			runOnlyForDeploymentPostprocessing = 0;
		};
		060000000000000000000002 /* Resources */ = {
			isa = PBXResourcesBuildPhase;
			buildActionMask = 2147483647;
			files = (
			);
			runOnlyForDeploymentPostprocessing = 0;
		};
		060000000000000000000003 /* Resources */ = {
			isa = PBXResourcesBuildPhase;
			buildActionMask = 2147483647;
			files = (
			);
			runOnlyForDeploymentPostprocessing = 0;
		};
		060000000000000000000004 /* Resources */ = {
			isa = PBXResourcesBuildPhase;
			buildActionMask = 2147483647;
			files = (
			);
			runOnlyForDeploymentPostprocessing = 0;
		};
/* End PBXResourcesBuildPhase section */

/* Begin PBXSourcesBuildPhase section */
		070000000000000000000001 /* Sources */ = {
			isa = PBXSourcesBuildPhase;
			buildActionMask = 2147483647;
			files = (
				010000000000000000000002 /* PhoneResearchHomeView.swift in Sources */,
				010000000000000000000001 /* BadmintonResearchApp.swift in Sources */,
				010000000000000000000007 /* PhoneResearchViewModel.swift in Sources */,
				010000000000000000000008 /* ResearchCaptureListView.swift in Sources */,
				010000000000000000000009 /* ResearchParticipantViews.swift in Sources */,
				01000000000000000000000E /* ResearchCaptureChartsView.swift in Sources */,
				01000000000000000000000F /* PhoneResearchConnectivityController.swift in Sources */,
				010000000000000000000011 /* ResearchCaptureMetadataEditor.swift in Sources */,
				010000000000000000000012 /* ResearchBatchExportView.swift in Sources */,
			);
			runOnlyForDeploymentPostprocessing = 0;
		};
		070000000000000000000002 /* Sources */ = {
			isa = PBXSourcesBuildPhase;
			buildActionMask = 2147483647;
			files = (
				010000000000000000000005 /* WatchResearchHomeView.swift in Sources */,
				010000000000000000000004 /* BadmintonResearchWatchApp.swift in Sources */,
				01000000000000000000000A /* SimulatorResearchMotionSource.swift in Sources */,
				01000000000000000000000B /* WatchCaptureViewModel.swift in Sources */,
				01000000000000000000000C /* ResearchCaptureViews.swift in Sources */,
				01000000000000000000000D /* CoreMotionResearchMotionSource.swift in Sources */,
				010000000000000000000010 /* WatchResearchConnectivityController.swift in Sources */,
			);
			runOnlyForDeploymentPostprocessing = 0;
		};
		070000000000000000000003 /* Sources */ = {
			isa = PBXSourcesBuildPhase;
			buildActionMask = 2147483647;
			files = (
				010000000000000000000013 /* BadmintonProductApp.swift in Sources */,
				010000000000000000000014 /* ProductPhoneHomeView.swift in Sources */,
			);
			runOnlyForDeploymentPostprocessing = 0;
		};
		070000000000000000000004 /* Sources */ = {
			isa = PBXSourcesBuildPhase;
			buildActionMask = 2147483647;
			files = (
				010000000000000000000016 /* BadmintonProductWatchApp.swift in Sources */,
				010000000000000000000017 /* ProductWatchRootView.swift in Sources */,
				010000000000000000000018 /* ProductWorkoutViewModel.swift in Sources */,
				010000000000000000000019 /* SimulatorWorkoutPlatformSession.swift in Sources */,
				01000000000000000000001A /* HealthKitWorkoutPlatformSession.swift in Sources */,
				01000000000000000000001C /* ProductWorkoutRuntime.swift in Sources */,
				01000000000000000000001D /* ProductWatchApplicationDelegate.swift in Sources */,
			);
			runOnlyForDeploymentPostprocessing = 0;
		};
/* End PBXSourcesBuildPhase section */

/* Begin XCBuildConfiguration section */
		0A0000000000000000000001 /* Debug */ = {
			isa = XCBuildConfiguration;
			baseConfigurationReference = 020000000000000000000008 /* Debug.xcconfig */;
			buildSettings = {
			};
			name = Debug;
		};
		0A0000000000000000000002 /* Release */ = {
			isa = XCBuildConfiguration;
			baseConfigurationReference = 020000000000000000000009 /* Release.xcconfig */;
			buildSettings = {
			};
			name = Release;
		};
		0A0000000000000000000003 /* Debug */ = {
			isa = XCBuildConfiguration;
			baseConfigurationReference = 02000000000000000000000A /* iOS.xcconfig */;
			buildSettings = {
				CODE_SIGN_STYLE = Automatic;
				GENERATE_INFOPLIST_FILE = YES;
				INFOPLIST_KEY_CFBundleDisplayName = "羽毛球研发";
				INFOPLIST_KEY_LSApplicationCategoryType = "public.app-category.sports";
				INFOPLIST_KEY_UIApplicationSceneManifest_Generation = YES;
				INFOPLIST_KEY_UIApplicationSupportsIndirectInputEvents = YES;
				INFOPLIST_KEY_UILaunchScreen_Generation = YES;
				INFOPLIST_KEY_UISupportedInterfaceOrientations_iPhone = "UIInterfaceOrientationPortrait UIInterfaceOrientationLandscapeLeft UIInterfaceOrientationLandscapeRight";
				PRODUCT_NAME = BadmintonResearch;
				SDKROOT = iphoneos;
				SUPPORTED_PLATFORMS = "iphoneos iphonesimulator";
				SUPPORTS_MACCATALYST = NO;
				TARGETED_DEVICE_FAMILY = 1;
			};
			name = Debug;
		};
		0A0000000000000000000004 /* Release */ = {
			isa = XCBuildConfiguration;
			baseConfigurationReference = 02000000000000000000000A /* iOS.xcconfig */;
			buildSettings = {
				CODE_SIGN_STYLE = Automatic;
				GENERATE_INFOPLIST_FILE = YES;
				INFOPLIST_KEY_CFBundleDisplayName = "羽毛球研发";
				INFOPLIST_KEY_LSApplicationCategoryType = "public.app-category.sports";
				INFOPLIST_KEY_UIApplicationSceneManifest_Generation = YES;
				INFOPLIST_KEY_UIApplicationSupportsIndirectInputEvents = YES;
				INFOPLIST_KEY_UILaunchScreen_Generation = YES;
				INFOPLIST_KEY_UISupportedInterfaceOrientations_iPhone = "UIInterfaceOrientationPortrait UIInterfaceOrientationLandscapeLeft UIInterfaceOrientationLandscapeRight";
				PRODUCT_NAME = BadmintonResearch;
				SDKROOT = iphoneos;
				SUPPORTED_PLATFORMS = "iphoneos iphonesimulator";
				SUPPORTS_MACCATALYST = NO;
				TARGETED_DEVICE_FAMILY = 1;
			};
			name = Release;
		};
		0A0000000000000000000005 /* Debug */ = {
			isa = XCBuildConfiguration;
			baseConfigurationReference = 02000000000000000000000B /* watchOS.xcconfig */;
			buildSettings = {
				CODE_SIGN_STYLE = Automatic;
				GENERATE_INFOPLIST_FILE = YES;
				INFOPLIST_KEY_CFBundleDisplayName = "羽毛球研发";
				INFOPLIST_KEY_NSMotionUsageDescription = "用于内部研发采集持拍手的加速度、角速度与设备运动数据。";
				INFOPLIST_KEY_UISupportedInterfaceOrientations = "UIInterfaceOrientationPortrait UIInterfaceOrientationPortraitUpsideDown";
				INFOPLIST_KEY_WKCompanionAppBundleIdentifier = com.example.badmintonmotion.research;
				LD_RUNPATH_SEARCH_PATHS = "$(inherited) @executable_path/Frameworks";
				PRODUCT_NAME = BadmintonResearchWatch;
				SDKROOT = watchos;
				SKIP_INSTALL = YES;
				SUPPORTED_PLATFORMS = "watchos watchsimulator";
				TARGETED_DEVICE_FAMILY = 4;
			};
			name = Debug;
		};
		0A0000000000000000000006 /* Release */ = {
			isa = XCBuildConfiguration;
			baseConfigurationReference = 02000000000000000000000B /* watchOS.xcconfig */;
			buildSettings = {
				CODE_SIGN_STYLE = Automatic;
				GENERATE_INFOPLIST_FILE = YES;
				INFOPLIST_KEY_CFBundleDisplayName = "羽毛球研发";
				INFOPLIST_KEY_NSMotionUsageDescription = "用于内部研发采集持拍手的加速度、角速度与设备运动数据。";
				INFOPLIST_KEY_UISupportedInterfaceOrientations = "UIInterfaceOrientationPortrait UIInterfaceOrientationPortraitUpsideDown";
				INFOPLIST_KEY_WKCompanionAppBundleIdentifier = com.example.badmintonmotion.research;
				LD_RUNPATH_SEARCH_PATHS = "$(inherited) @executable_path/Frameworks";
				PRODUCT_NAME = BadmintonResearchWatch;
				SDKROOT = watchos;
				SKIP_INSTALL = YES;
				SUPPORTED_PLATFORMS = "watchos watchsimulator";
				TARGETED_DEVICE_FAMILY = 4;
			};
			name = Release;
		};
		0A0000000000000000000007 /* Debug */ = {
			isa = XCBuildConfiguration;
			baseConfigurationReference = 020000000000000000000022 /* ProductiOS.xcconfig */;
			buildSettings = {
				CODE_SIGN_STYLE = Automatic;
				GENERATE_INFOPLIST_FILE = YES;
				INFOPLIST_KEY_CFBundleDisplayName = "羽毛球";
				INFOPLIST_KEY_LSApplicationCategoryType = "public.app-category.sports";
				INFOPLIST_KEY_UIApplicationSceneManifest_Generation = YES;
				INFOPLIST_KEY_UIApplicationSupportsIndirectInputEvents = YES;
				INFOPLIST_KEY_UILaunchScreen_Generation = YES;
				INFOPLIST_KEY_UISupportedInterfaceOrientations_iPhone = "UIInterfaceOrientationPortrait";
				PRODUCT_NAME = Badminton;
				SDKROOT = iphoneos;
				SUPPORTED_PLATFORMS = "iphoneos iphonesimulator";
				SUPPORTS_MACCATALYST = NO;
				TARGETED_DEVICE_FAMILY = 1;
			};
			name = Debug;
		};
		0A0000000000000000000008 /* Release */ = {
			isa = XCBuildConfiguration;
			baseConfigurationReference = 020000000000000000000022 /* ProductiOS.xcconfig */;
			buildSettings = {
				CODE_SIGN_STYLE = Automatic;
				GENERATE_INFOPLIST_FILE = YES;
				INFOPLIST_KEY_CFBundleDisplayName = "羽毛球";
				INFOPLIST_KEY_LSApplicationCategoryType = "public.app-category.sports";
				INFOPLIST_KEY_UIApplicationSceneManifest_Generation = YES;
				INFOPLIST_KEY_UIApplicationSupportsIndirectInputEvents = YES;
				INFOPLIST_KEY_UILaunchScreen_Generation = YES;
				INFOPLIST_KEY_UISupportedInterfaceOrientations_iPhone = "UIInterfaceOrientationPortrait";
				PRODUCT_NAME = Badminton;
				SDKROOT = iphoneos;
				SUPPORTED_PLATFORMS = "iphoneos iphonesimulator";
				SUPPORTS_MACCATALYST = NO;
				TARGETED_DEVICE_FAMILY = 1;
			};
			name = Release;
		};
		0A0000000000000000000009 /* Debug */ = {
			isa = XCBuildConfiguration;
			baseConfigurationReference = 020000000000000000000023 /* ProductwatchOS.xcconfig */;
			buildSettings = {
				CODE_SIGN_ENTITLEMENTS = Config/BadmintonWatch.entitlements;
				CODE_SIGN_STYLE = Automatic;
				GENERATE_INFOPLIST_FILE = NO;
				INFOPLIST_FILE = "Config/BadmintonWatch-Info.plist";
				INFOPLIST_KEY_CFBundleDisplayName = "羽毛球";
				INFOPLIST_KEY_LSApplicationCategoryType = "public.app-category.sports";
				INFOPLIST_KEY_NSHealthShareUsageDescription = "用于在运动中读取心率与能量数据。";
				INFOPLIST_KEY_NSHealthUpdateUsageDescription = "用于将完成的羽毛球运动写入 Apple 健康与健身记录。";
				INFOPLIST_KEY_UISupportedInterfaceOrientations = "UIInterfaceOrientationPortrait UIInterfaceOrientationPortraitUpsideDown";
				INFOPLIST_KEY_WKBackgroundModes = "workout-processing";
				INFOPLIST_KEY_WKCompanionAppBundleIdentifier = com.example.badmintonmotion;
				LD_RUNPATH_SEARCH_PATHS = "$(inherited) @executable_path/Frameworks";
				PRODUCT_NAME = BadmintonWatch;
				SDKROOT = watchos;
				SKIP_INSTALL = YES;
				SUPPORTED_PLATFORMS = "watchos watchsimulator";
				TARGETED_DEVICE_FAMILY = 4;
			};
			name = Debug;
		};
		0A000000000000000000000A /* Release */ = {
			isa = XCBuildConfiguration;
			baseConfigurationReference = 020000000000000000000023 /* ProductwatchOS.xcconfig */;
			buildSettings = {
				CODE_SIGN_ENTITLEMENTS = Config/BadmintonWatch.entitlements;
				CODE_SIGN_STYLE = Automatic;
				GENERATE_INFOPLIST_FILE = NO;
				INFOPLIST_FILE = "Config/BadmintonWatch-Info.plist";
				INFOPLIST_KEY_CFBundleDisplayName = "羽毛球";
				INFOPLIST_KEY_LSApplicationCategoryType = "public.app-category.sports";
				INFOPLIST_KEY_NSHealthShareUsageDescription = "用于在运动中读取心率与能量数据。";
				INFOPLIST_KEY_NSHealthUpdateUsageDescription = "用于将完成的羽毛球运动写入 Apple 健康与健身记录。";
				INFOPLIST_KEY_UISupportedInterfaceOrientations = "UIInterfaceOrientationPortrait UIInterfaceOrientationPortraitUpsideDown";
				INFOPLIST_KEY_WKBackgroundModes = "workout-processing";
				INFOPLIST_KEY_WKCompanionAppBundleIdentifier = com.example.badmintonmotion;
				LD_RUNPATH_SEARCH_PATHS = "$(inherited) @executable_path/Frameworks";
				PRODUCT_NAME = BadmintonWatch;
				SDKROOT = watchos;
				SKIP_INSTALL = YES;
				SUPPORTED_PLATFORMS = "watchos watchsimulator";
				TARGETED_DEVICE_FAMILY = 4;
			};
			name = Release;
		};
/* End XCBuildConfiguration section */

/* Begin XCConfigurationList section */
		0B0000000000000000000001 /* Build configuration list for PBXProject "BadmintonMotion" */ = {
			isa = XCConfigurationList;
			buildConfigurations = (
				0A0000000000000000000001 /* Debug */,
				0A0000000000000000000002 /* Release */,
			);
			defaultConfigurationIsVisible = 0;
			defaultConfigurationName = Release;
		};
		0B0000000000000000000002 /* Build configuration list for PBXNativeTarget "BadmintonResearchiOS" */ = {
			isa = XCConfigurationList;
			buildConfigurations = (
				0A0000000000000000000003 /* Debug */,
				0A0000000000000000000004 /* Release */,
			);
			defaultConfigurationIsVisible = 0;
			defaultConfigurationName = Release;
		};
		0B0000000000000000000003 /* Build configuration list for PBXNativeTarget "BadmintonResearchWatch" */ = {
			isa = XCConfigurationList;
			buildConfigurations = (
				0A0000000000000000000005 /* Debug */,
				0A0000000000000000000006 /* Release */,
			);
			defaultConfigurationIsVisible = 0;
			defaultConfigurationName = Release;
		};
		0B0000000000000000000004 /* Build configuration list for PBXNativeTarget "BadmintonProductiOS" */ = {
			isa = XCConfigurationList;
			buildConfigurations = (
				0A0000000000000000000007 /* Debug */,
				0A0000000000000000000008 /* Release */,
			);
			defaultConfigurationIsVisible = 0;
			defaultConfigurationName = Release;
		};
		0B0000000000000000000005 /* Build configuration list for PBXNativeTarget "BadmintonProductWatch" */ = {
			isa = XCConfigurationList;
			buildConfigurations = (
				0A0000000000000000000009 /* Debug */,
				0A000000000000000000000A /* Release */,
			);
			defaultConfigurationIsVisible = 0;
			defaultConfigurationName = Release;
		};
/* End XCConfigurationList section */

/* Begin XCLocalSwiftPackageReference section */
		0F0000000000000000000001 /* XCLocalSwiftPackageReference "Packages/BadmintonCore" */ = {
			isa = XCLocalSwiftPackageReference;
			relativePath = Packages/BadmintonCore;
		};
/* End XCLocalSwiftPackageReference section */

/* Begin XCSwiftPackageProductDependency section */
		0F0000000000000000000002 /* BadmintonCore */ = {
			isa = XCSwiftPackageProductDependency;
			package = 0F0000000000000000000001 /* XCLocalSwiftPackageReference "Packages/BadmintonCore" */;
			productName = BadmintonCore;
		};
		0F0000000000000000000003 /* BadmintonCore */ = {
			isa = XCSwiftPackageProductDependency;
			package = 0F0000000000000000000001 /* XCLocalSwiftPackageReference "Packages/BadmintonCore" */;
			productName = BadmintonCore;
		};
		0F0000000000000000000004 /* BadmintonCore */ = {
			isa = XCSwiftPackageProductDependency;
			package = 0F0000000000000000000001 /* XCLocalSwiftPackageReference "Packages/BadmintonCore" */;
			productName = BadmintonCore;
		};
		0F0000000000000000000005 /* BadmintonCore */ = {
			isa = XCSwiftPackageProductDependency;
			package = 0F0000000000000000000001 /* XCLocalSwiftPackageReference "Packages/BadmintonCore" */;
			productName = BadmintonCore;
		};
/* End XCSwiftPackageProductDependency section */
	};
	rootObject = 080000000000000000000001 /* Project object */;
}
